
Microsoft Visual Studio Solution File, Format Version 12.00
# Visual Studio Version 16
VisualStudioVersion = 16.0.31402.337
MinimumVisualStudioVersion = 10.0.40219.1
Project("{2150E333-8FDC-42A3-9474-1A3956D46DE8}") = "Services", "Services", "{D449B64B-64B9-43BB-B8F4-E9C80367B81F}"
EndProject
Project("{2150E333-8FDC-42A3-9474-1A3956D46DE8}") = "Catalog", "Catalog", "{FBE1D64F-22F5-4E52-A581-01A84359AC27}"
EndProject
Project("{9A19103F-16F7-4668-BE54-9A1E7A4F7556}") = "Catalog.API", "Services\Catalog\Catalog.API\Catalog.API.csproj", "{C928596B-ED81-4842-B7A0-D9C9B09E01D0}"
EndProject
Project("{E53339B2-1760-4266-BCC7-CA923CBCF16C}") = "docker-compose", "docker-compose.dcproj", "{AC11BCD9-351B-42F9-81AF-A7E96FDACAC9}"
EndProject
Project("{2150E333-8FDC-42A3-9474-1A3956D46DE8}") = "Basket", "Basket", "{77E175F6-4321-449B-8504-476EC580D08F}"
EndProject
Project("{9A19103F-16F7-4668-BE54-9A1E7A4F7556}") = "Basket.API", "Services\Basket\Basket.API\Basket.API.csproj", "{3A7DE340-EA11-42B3-9184-4690DA47CE11}"
EndProject
Project("{2150E333-8FDC-42A3-9474-1A3956D46DE8}") = "Discount", "Discount", "{50EBA5B9-04BD-43C3-BD36-DC35E2D7C702}"
EndProject
Project("{9A19103F-16F7-4668-BE54-9A1E7A4F7556}") = "Discount.API", "Services\Discount\Discount.API\Discount.API.csproj", "{6A32DBF0-25EB-4E6B-9EB8-19874FECAC0E}"
EndProject
Project("{9A19103F-16F7-4668-BE54-9A1E7A4F7556}") = "Discount.Grpc", "Services\Discount\Discount.Grpc\Discount.Grpc.csproj", "{80B2ED0E-4999-4BBE-A1A2-246F7BD1464C}"
EndProject
Project("{2150E333-8FDC-42A3-9474-1A3956D46DE8}") = "Ordering", "Ordering", "{8628AC24-2222-4E49-AEA6-CB6DAA824D7D}"
EndProject
Project("{FAE04EC0-301F-11D3-BF4B-00C04F79EFBC}") = "Ordering.API", "Services\Ordering\Ordering.API\Ordering.API.csproj", "{AC90FC19-D4B0-4BC4-B856-7E97C7831DCC}"
EndProject
Project("{FAE04EC0-301F-11D3-BF4B-00C04F79EFBC}") = "Ordering.Domain", "Services\Ordering\Ordering.Domain\Ordering.Domain.csproj", "{1FEB21ED-AFB3-4E7D-8616-115A128DA489}"
EndProject
Project("{FAE04EC0-301F-11D3-BF4B-00C04F79EFBC}") = "Ordering.Application", "Services\Ordering\Ordering.Application\Ordering.Application.csproj", "{C7F5C401-2BF9-438A-9EE7-D7F0D8AB8FF0}"
EndProject
Project("{FAE04EC0-301F-11D3-BF4B-00C04F79EFBC}") = "Ordering.Infrastructure", "Services\Ordering\Ordering.Infrastructure\Ordering.Infrastructure.csproj", "{4C82D080-482A-4B4D-ADFC-CC9F01FF56BE}"
EndProject
Global
	GlobalSection(SolutionConfigurationPlatforms) = preSolution
		Debug|Any CPU = Debug|Any CPU
		Release|Any CPU = Release|Any CPU
	EndGlobalSection
	GlobalSection(ProjectConfigurationPlatforms) = postSolution
		{C928596B-ED81-4842-B7A0-D9C9B09E01D0}.Debug|Any CPU.ActiveCfg = Debug|Any CPU
		{C928596B-ED81-4842-B7A0-D9C9B09E01D0}.Debug|Any CPU.Build.0 = Debug|Any CPU
		{C928596B-ED81-4842-B7A0-D9C9B09E01D0}.Release|Any CPU.ActiveCfg = Release|Any CPU
		{C928596B-ED81-4842-B7A0-D9C9B09E01D0}.Release|Any CPU.Build.0 = Release|Any CPU
		{AC11BCD9-351B-42F9-81AF-A7E96FDACAC9}.Debug|Any CPU.ActiveCfg = Debug|Any CPU
		{AC11BCD9-351B-42F9-81AF-A7E96FDACAC9}.Debug|Any CPU.Build.0 = Debug|Any CPU
		{AC11BCD9-351B-42F9-81AF-A7E96FDACAC9}.Release|Any CPU.ActiveCfg = Release|Any CPU
		{AC11BCD9-351B-42F9-81AF-A7E96FDACAC9}.Release|Any CPU.Build.0 = Release|Any CPU
		{3A7DE340-EA11-42B3-9184-4690DA47CE11}.Debug|Any CPU.ActiveCfg = Debug|Any CPU
		{3A7DE340-EA11-42B3-9184-4690DA47CE11}.Debug|Any CPU.Build.0 = Debug|Any CPU
		{3A7DE340-EA11-42B3-9184-4690DA47CE11}.Release|Any CPU.ActiveCfg = Release|Any CPU
		{3A7DE340-EA11-42B3-9184-4690DA47CE11}.Release|Any CPU.Build.0 = Release|Any CPU
		{6A32DBF0-25EB-4E6B-9EB8-19874FECAC0E}.Debug|Any CPU.ActiveCfg = Debug|Any CPU
		{6A32DBF0-25EB-4E6B-9EB8-19874FECAC0E}.Debug|Any CPU.Build.0 = Debug|Any CPU
		{6A32DBF0-25EB-4E6B-9EB8-19874FECAC0E}.Release|Any CPU.ActiveCfg = Release|Any CPU
		{6A32DBF0-25EB-4E6B-9EB8-19874FECAC0E}.Release|Any CPU.Build.0 = Release|Any CPU
		{80B2ED0E-4999-4BBE-A1A2-246F7BD1464C}.Debug|Any CPU.ActiveCfg = Debug|Any CPU
		{80B2ED0E-4999-4BBE-A1A2-246F7BD1464C}.Debug|Any CPU.Build.0 = Debug|Any CPU
		{80B2ED0E-4999-4BBE-A1A2-246F7BD1464C}.Release|Any CPU.ActiveCfg = Release|Any CPU
		{80B2ED0E-4999-4BBE-A1A2-246F7BD1464C}.Release|Any CPU.Build.0 = Release|Any CPU
		{AC90FC19-D4B0-4BC4-B856-7E97C7831DCC}.Debug|Any CPU.ActiveCfg = Debug|Any CPU
		{AC90FC19-D4B0-4BC4-B856-7E97C7831DCC}.Debug|Any CPU.Build.0 = Debug|Any CPU
		{AC90FC19-D4B0-4BC4-B856-7E97C7831DCC}.Release|Any CPU.ActiveCfg = Release|Any CPU
		{AC90FC19-D4B0-4BC4-B856-7E97C7831DCC}.Release|Any CPU.Build.0 = Release|Any CPU
		{1FEB21ED-AFB3-4E7D-8616-115A128DA489}.Debug|Any CPU.ActiveCfg = Debug|Any CPU
		{1FEB21ED-AFB3-4E7D-8616-115A128DA489}.Debug|Any CPU.Build.0 = Debug|Any CPU
		{1FEB21ED-AFB3-4E7D-8616-115A128DA489}.Release|Any CPU.ActiveCfg = Release|Any CPU
		{1FEB21ED-AFB3-4E7D-8616-115A128DA489}.Release|Any CPU.Build.0 = Release|Any CPU
		{C7F5C401-2BF9-438A-9EE7-D7F0D8AB8FF0}.Debug|Any CPU.ActiveCfg = Debug|Any CPU
		{C7F5C401-2BF9-438A-9EE7-D7F0D8AB8FF0}.Debug|Any CPU.Build.0 = Debug|Any CPU
		{C7F5C401-2BF9-438A-9EE7-D7F0D8AB8FF0}.Release|Any CPU.ActiveCfg = Release|Any CPU
		{C7F5C401-2BF9-438A-9EE7-D7F0D8AB8FF0}.Release|Any CPU.Build.0 = Release|Any CPU
		{4C82D080-482A-4B4D-ADFC-CC9F01FF56BE}.Debug|Any CPU.ActiveCfg = Debug|Any CPU
		{4C82D080-482A-4B4D-ADFC-CC9F01FF56BE}.Debug|Any CPU.Build.0 = Debug|Any CPU
		{4C82D080-482A-4B4D-ADFC-CC9F01FF56BE}.Release|Any CPU.ActiveCfg = Release|Any CPU
		{4C82D080-482A-4B4D-ADFC-CC9F01FF56BE}.Release|Any CPU.Build.0 = Release|Any CPU
	EndGlobalSection
	GlobalSection(SolutionProperties) = preSolution
		HideSolutionNode = FALSE
	EndGlobalSection
	GlobalSection(NestedProjects) = preSolution
		{FBE1D64F-22F5-4E52-A581-01A84359AC27} = {D449B64B-64B9-43BB-B8F4-E9C80367B81F}
		{C928596B-ED81-4842-B7A0-D9C9B09E01D0} = {FBE1D64F-22F5-4E52-A581-01A84359AC27}
		{77E175F6-4321-449B-8504-476EC580D08F} = {D449B64B-64B9-43BB-B8F4-E9C80367B81F}
		{3A7DE340-EA11-42B3-9184-4690DA47CE11} = {77E175F6-4321-449B-8504-476EC580D08F}
		{50EBA5B9-04BD-43C3-BD36-DC35E2D7C702} = {D449B64B-64B9-43BB-B8F4-E9C80367B81F}
		{6A32DBF0-25EB-4E6B-9EB8-19874FECAC0E} = {50EBA5B9-04BD-43C3-BD36-DC35E2D7C702}
		{80B2ED0E-4999-4BBE-A1A2-246F7BD1464C} = {50EBA5B9-04BD-43C3-BD36-DC35E2D7C702}
		{8628AC24-2222-4E49-AEA6-CB6DAA824D7D} = {D449B64B-64B9-43BB-B8F4-E9C80367B81F}
		{AC90FC19-D4B0-4BC4-B856-7E97C7831DCC} = {8628AC24-2222-4E49-AEA6-CB6DAA824D7D}
		{1FEB21ED-AFB3-4E7D-8616-115A128DA489} = {8628AC24-2222-4E49-AEA6-CB6DAA824D7D}
		{C7F5C401-2BF9-438A-9EE7-D7F0D8AB8FF0} = {8628AC24-2222-4E49-AEA6-CB6DAA824D7D}
		{4C82D080-482A-4B4D-ADFC-CC9F01FF56BE} = {8628AC24-2222-4E49-AEA6-CB6DAA824D7D}
	EndGlobalSection
	GlobalSection(ExtensibilityGlobals) = postSolution
		SolutionGuid = {DCD9042B-C517-444D-A682-D998BDCC142E}
	EndGlobalSection
EndGlobal
