
Microsoft Visual Studio Solution File, Format Version 12.00
# Visual Studio Version 16
VisualStudioVersion = 16.0.31402.337
MinimumVisualStudioVersion = 10.0.40219.1
Project("{2150E333-8FDC-42A3-9474-1A3956D46DE8}") = "Services", "Services", "{D449B64B-64B9-43BB-B8F4-E9C80367B81F}"
EndProject
Project("{2150E333-8FDC-42A3-9474-1A3956D46DE8}") = "Catalog", "Catalog", "{FBE1D64F-22F5-4E52-A581-01A84359AC27}"
EndProject
Project("{9A19103F-16F7-4668-BE54-9A1E7A4F7556}") = "Catalog.API", "Services\Catalog\Catalog.API\Catalog.API.csproj", "{C928596B-ED81-4842-B7A0-D9C9B09E01D0}"
EndProject
Project("{E53339B2-1760-4266-BCC7-CA923CBCF16C}") = "docker-compose", "docker-compose.dcproj", "{AC11BCD9-351B-42F9-81AF-A7E96FDACAC9}"
EndProject
Global
	GlobalSection(SolutionConfigurationPlatforms) = preSolution
		Debug|Any CPU = Debug|Any CPU
		Release|Any CPU = Release|Any CPU
	EndGlobalSection
	GlobalSection(ProjectConfigurationPlatforms) = postSolution
		{C928596B-ED81-4842-B7A0-D9C9B09E01D0}.Debug|Any CPU.ActiveCfg = Debug|Any CPU
		{C928596B-ED81-4842-B7A0-D9C9B09E01D0}.Debug|Any CPU.Build.0 = Debug|Any CPU
		{C928596B-ED81-4842-B7A0-D9C9B09E01D0}.Release|Any CPU.ActiveCfg = Release|Any CPU
		{C928596B-ED81-4842-B7A0-D9C9B09E01D0}.Release|Any CPU.Build.0 = Release|Any CPU
		{AC11BCD9-351B-42F9-81AF-A7E96FDACAC9}.Debug|Any CPU.ActiveCfg = Debug|Any CPU
		{AC11BCD9-351B-42F9-81AF-A7E96FDACAC9}.Debug|Any CPU.Build.0 = Debug|Any CPU
		{AC11BCD9-351B-42F9-81AF-A7E96FDACAC9}.Release|Any CPU.ActiveCfg = Release|Any CPU
		{AC11BCD9-351B-42F9-81AF-A7E96FDACAC9}.Release|Any CPU.Build.0 = Release|Any CPU
	EndGlobalSection
	GlobalSection(SolutionProperties) = preSolution
		HideSolutionNode = FALSE
	EndGlobalSection
	GlobalSection(NestedProjects) = preSolution
		{FBE1D64F-22F5-4E52-A581-01A84359AC27} = {D449B64B-64B9-43BB-B8F4-E9C80367B81F}
		{C928596B-ED81-4842-B7A0-D9C9B09E01D0} = {FBE1D64F-22F5-4E52-A581-01A84359AC27}
	EndGlobalSection
	GlobalSection(ExtensibilityGlobals) = postSolution
		SolutionGuid = {DCD9042B-C517-444D-A682-D998BDCC142E}
	EndGlobalSection
EndGlobal
